#MicroXplorer Configuration settings - do not modify
File.Version=6
IWDG.IPParameters=Prescaler
IWDG.Prescaler=IWDG_PRESCALER_256
KeepUserPlacement=false
Mcu.Family=STM32F1
Mcu.IP0=IWDG
Mcu.IP1=NVIC
Mcu.IP2=RCC
Mcu.IP3=SPI2
Mcu.IP4=SYS
Mcu.IP5=UART4
Mcu.IP6=UART5
Mcu.IP7=USART1
Mcu.IPNb=8
Mcu.Name=STM32F103Z(C-D-E)Tx
Mcu.Package=LQFP144
Mcu.Pin0=PC13-TAMPER-RTC
Mcu.Pin1=PC14-OSC32_IN
Mcu.Pin10=PA1
Mcu.Pin11=PA2
Mcu.Pin12=PA3
Mcu.Pin13=PA4
Mcu.Pin14=PA5
Mcu.Pin15=PA6
Mcu.Pin16=PA7
Mcu.Pin17=PC4
Mcu.Pin18=PC5
Mcu.Pin19=PB0
Mcu.Pin2=PC15-OSC32_OUT
Mcu.Pin20=PB1
Mcu.Pin21=PF11
Mcu.Pin22=PF13
Mcu.Pin23=PF14
Mcu.Pin24=PF15
Mcu.Pin25=PG0
Mcu.Pin26=PG1
Mcu.Pin27=PE7
Mcu.Pin28=PE8
Mcu.Pin29=PE9
Mcu.Pin3=OSC_IN
Mcu.Pin30=PE10
Mcu.Pin31=PE11
Mcu.Pin32=PE12
Mcu.Pin33=PE13
Mcu.Pin34=PE14
Mcu.Pin35=PE15
Mcu.Pin36=PB10
Mcu.Pin37=PB11
Mcu.Pin38=PB13
Mcu.Pin39=PB14
Mcu.Pin4=OSC_OUT
Mcu.Pin40=PB15
Mcu.Pin41=PD8
Mcu.Pin42=PD9
Mcu.Pin43=PD10
Mcu.Pin44=PA9
Mcu.Pin45=PA10
Mcu.Pin46=PA11
Mcu.Pin47=PA12
Mcu.Pin48=PA13
Mcu.Pin49=PA14
Mcu.Pin5=PC0
Mcu.Pin50=PA15
Mcu.Pin51=PC10
Mcu.Pin52=PC11
Mcu.Pin53=PC12
Mcu.Pin54=PD1
Mcu.Pin55=PD2
Mcu.Pin56=PG11
Mcu.Pin57=PG12
Mcu.Pin58=PG13
Mcu.Pin59=PG14
Mcu.Pin6=PC1
Mcu.Pin60=PG15
Mcu.Pin61=PB3
Mcu.Pin62=PB4
Mcu.Pin63=PB5
Mcu.Pin64=PB6
Mcu.Pin65=PB7
Mcu.Pin66=PB8
Mcu.Pin67=PB9
Mcu.Pin68=PE0
Mcu.Pin69=PE1
Mcu.Pin7=PC2
Mcu.Pin70=VP_IWDG_VS_IWDG
Mcu.Pin71=VP_SYS_VS_Systick
Mcu.Pin8=PC3
Mcu.Pin9=PA0-WKUP
Mcu.PinsNb=72
Mcu.ThirdPartyNb=0
Mcu.UserConstants=
Mcu.UserName=STM32F103ZETx
MxCube.Version=5.3.0
MxDb.Version=DB.5.0.30
NVIC.BusFault_IRQn=true\:0\:0\:false\:false\:true\:false\:false
NVIC.DebugMonitor_IRQn=true\:0\:0\:false\:false\:true\:false\:false
NVIC.ForceEnableDMAVector=true
NVIC.HardFault_IRQn=true\:0\:0\:false\:false\:true\:false\:false
NVIC.MemoryManagement_IRQn=true\:0\:0\:false\:false\:true\:false\:false
NVIC.NonMaskableInt_IRQn=true\:0\:0\:false\:false\:true\:false\:false
NVIC.PendSV_IRQn=true\:0\:0\:false\:false\:false\:false\:false
NVIC.PriorityGroup=NVIC_PRIORITYGROUP_4
NVIC.SVCall_IRQn=true\:0\:0\:false\:false\:true\:false\:false
NVIC.SysTick_IRQn=true\:0\:0\:false\:false\:false\:false\:true
NVIC.UART4_IRQn=true\:0\:0\:false\:false\:true\:true\:true
NVIC.UART5_IRQn=true\:0\:0\:false\:false\:true\:true\:true
NVIC.USART1_IRQn=true\:0\:0\:false\:false\:true\:true\:true
NVIC.UsageFault_IRQn=true\:0\:0\:false\:false\:true\:false\:false
OSC_IN.Locked=true
OSC_IN.Mode=HSE-External-Oscillator
OSC_IN.Signal=RCC_OSC_IN
OSC_OUT.Locked=true
OSC_OUT.Mode=HSE-External-Oscillator
OSC_OUT.Signal=RCC_OSC_OUT
PA0-WKUP.GPIOParameters=GPIO_Label
PA0-WKUP.GPIO_Label=MOTOR_COUNTER
PA0-WKUP.Locked=true
PA0-WKUP.Signal=GPIO_Input
PA1.GPIOParameters=GPIO_PuPd,GPIO_Label
PA1.GPIO_Label=OIL_POS
PA1.GPIO_PuPd=GPIO_PULLUP
PA1.Locked=true
PA1.Signal=GPIO_Input
PA10.Mode=Asynchronous
PA10.Signal=USART1_RX
PA11.GPIOParameters=PinState,GPIO_Label
PA11.GPIO_Label=_4G_RESET
PA11.Locked=true
PA11.PinState=GPIO_PIN_SET
PA11.Signal=GPIO_Output
PA12.GPIOParameters=GPIO_Speed,PinState,GPIO_Label,GPIO_ModeDefaultOutputPP
PA12.GPIO_Label=OIL_TEMP
PA12.GPIO_ModeDefaultOutputPP=GPIO_MODE_OUTPUT_OD
PA12.GPIO_Speed=GPIO_SPEED_FREQ_HIGH
PA12.Locked=true
PA12.PinState=GPIO_PIN_SET
PA12.Signal=GPIO_Output
PA13.Mode=Serial_Wire
PA13.Signal=SYS_JTMS-SWDIO
PA14.Mode=Serial_Wire
PA14.Signal=SYS_JTCK-SWCLK
PA15.GPIOParameters=PinState,GPIO_Label
PA15.GPIO_Label=WIFI_RESET
PA15.Locked=true
PA15.PinState=GPIO_PIN_SET
PA15.Signal=GPIO_Output
PA2.GPIOParameters=GPIO_PuPd,GPIO_Label
PA2.GPIO_Label=DIN10
PA2.GPIO_PuPd=GPIO_PULLUP
PA2.Locked=true
PA2.Signal=GPIO_Input
PA3.GPIOParameters=GPIO_PuPd,GPIO_Label
PA3.GPIO_Label=DIN9
PA3.GPIO_PuPd=GPIO_PULLUP
PA3.Locked=true
PA3.Signal=GPIO_Input
PA4.GPIOParameters=GPIO_PuPd,GPIO_Label
PA4.GPIO_Label=DIN8
PA4.GPIO_PuPd=GPIO_PULLUP
PA4.Locked=true
PA4.Signal=GPIO_Input
PA5.GPIOParameters=GPIO_PuPd,GPIO_Label
PA5.GPIO_Label=DIN7
PA5.GPIO_PuPd=GPIO_PULLUP
PA5.Locked=true
PA5.Signal=GPIO_Input
PA6.GPIOParameters=GPIO_PuPd,GPIO_Label
PA6.GPIO_Label=DIN6
PA6.GPIO_PuPd=GPIO_PULLUP
PA6.Locked=true
PA6.Signal=GPIO_Input
PA7.GPIOParameters=GPIO_PuPd,GPIO_Label
PA7.GPIO_Label=DIN5
PA7.GPIO_PuPd=GPIO_PULLUP
PA7.Locked=true
PA7.Signal=GPIO_Input
PA9.Mode=Asynchronous
PA9.Signal=USART1_TX
PB0.GPIOParameters=GPIO_PuPd,GPIO_Label
PB0.GPIO_Label=DIN2
PB0.GPIO_PuPd=GPIO_PULLUP
PB0.Locked=true
PB0.Signal=GPIO_Input
PB1.GPIOParameters=GPIO_PuPd,GPIO_Label
PB1.GPIO_Label=DIN1
PB1.GPIO_PuPd=GPIO_PULLUP
PB1.Locked=true
PB1.Signal=GPIO_Input
PB10.GPIOParameters=GPIO_Speed,PinState,GPIO_Label
PB10.GPIO_Label=LCD_SCL
PB10.GPIO_Speed=GPIO_SPEED_FREQ_HIGH
PB10.Locked=true
PB10.PinState=GPIO_PIN_SET
PB10.Signal=GPIO_Output
PB11.GPIOParameters=GPIO_Speed,PinState,GPIO_Label
PB11.GPIO_Label=LCD_SDA
PB11.GPIO_Speed=GPIO_SPEED_FREQ_HIGH
PB11.Locked=true
PB11.PinState=GPIO_PIN_SET
PB11.Signal=GPIO_Output
PB13.Mode=Full_Duplex_Master
PB13.Signal=SPI2_SCK
PB14.Mode=Full_Duplex_Master
PB14.Signal=SPI2_MISO
PB15.Mode=Full_Duplex_Master
PB15.Signal=SPI2_MOSI
PB3.GPIOParameters=PinState,GPIO_Label
PB3.GPIO_Label=DOUT9
PB3.Locked=true
PB3.PinState=GPIO_PIN_SET
PB3.Signal=GPIO_Output
PB4.GPIOParameters=PinState,GPIO_Label
PB4.GPIO_Label=DOUT8
PB4.Locked=true
PB4.PinState=GPIO_PIN_RESET
PB4.Signal=GPIO_Output
PB5.GPIOParameters=PinState,GPIO_Label
PB5.GPIO_Label=DOUT7
PB5.Locked=true
PB5.PinState=GPIO_PIN_SET
PB5.Signal=GPIO_Output
PB6.GPIOParameters=PinState,GPIO_Label
PB6.GPIO_Label=DOUT6
PB6.Locked=true
PB6.PinState=GPIO_PIN_SET
PB6.Signal=GPIO_Output
PB7.GPIOParameters=PinState,GPIO_Label
PB7.GPIO_Label=DOUT5
PB7.Locked=true
PB7.PinState=GPIO_PIN_SET
PB7.Signal=GPIO_Output
PB8.GPIOParameters=PinState,GPIO_Label
PB8.GPIO_Label=DOUT4
PB8.Locked=true
PB8.PinState=GPIO_PIN_SET
PB8.Signal=GPIO_Output
PB9.GPIOParameters=PinState,GPIO_Label
PB9.GPIO_Label=DOUT3
PB9.Locked=true
PB9.PinState=GPIO_PIN_SET
PB9.Signal=GPIO_Output
PC0.GPIOParameters=GPIO_Label
PC0.GPIO_Label=HADN_EN
PC0.Locked=true
PC0.Signal=GPIO_Input
PC1.GPIOParameters=GPIO_Label
PC1.GPIO_Label=HAND_UP
PC1.Locked=true
PC1.Signal=GPIO_Input
PC10.Mode=Asynchronous
PC10.Signal=UART4_TX
PC11.Mode=Asynchronous
PC11.Signal=UART4_RX
PC12.Mode=Asynchronous
PC12.Signal=UART5_TX
PC13-TAMPER-RTC.GPIOParameters=PinState,GPIO_Label
PC13-TAMPER-RTC.GPIO_Label=FRAM_WP
PC13-TAMPER-RTC.Locked=true
PC13-TAMPER-RTC.PinState=GPIO_PIN_SET
PC13-TAMPER-RTC.Signal=GPIO_Output
PC14-OSC32_IN.GPIOParameters=GPIO_Speed,PinState,GPIO_Label,GPIO_ModeDefaultOutputPP
PC14-OSC32_IN.GPIO_Label=I2C_SCL
PC14-OSC32_IN.GPIO_ModeDefaultOutputPP=GPIO_MODE_OUTPUT_OD
PC14-OSC32_IN.GPIO_Speed=GPIO_SPEED_FREQ_HIGH
PC14-OSC32_IN.Locked=true
PC14-OSC32_IN.PinState=GPIO_PIN_SET
PC14-OSC32_IN.Signal=GPIO_Output
PC15-OSC32_OUT.GPIOParameters=GPIO_Speed,PinState,GPIO_Label,GPIO_ModeDefaultOutputPP
PC15-OSC32_OUT.GPIO_Label=I2C_SDA
PC15-OSC32_OUT.GPIO_ModeDefaultOutputPP=GPIO_MODE_OUTPUT_OD
PC15-OSC32_OUT.GPIO_Speed=GPIO_SPEED_FREQ_HIGH
PC15-OSC32_OUT.Locked=true
PC15-OSC32_OUT.PinState=GPIO_PIN_SET
PC15-OSC32_OUT.Signal=GPIO_Output
PC2.GPIOParameters=GPIO_Label
PC2.GPIO_Label=HAND_DOWN
PC2.Locked=true
PC2.Signal=GPIO_Input
PC3.GPIOParameters=GPIO_Label
PC3.GPIO_Label=HAND_CAP
PC3.Locked=true
PC3.Signal=GPIO_Input
PC4.GPIOParameters=GPIO_PuPd,GPIO_Label
PC4.GPIO_Label=DIN4
PC4.GPIO_PuPd=GPIO_PULLUP
PC4.Locked=true
PC4.Signal=GPIO_Input
PC5.GPIOParameters=GPIO_PuPd,GPIO_Label
PC5.GPIO_Label=DIN3
PC5.GPIO_PuPd=GPIO_PULLUP
PC5.Locked=true
PC5.Signal=GPIO_Input
PD1.GPIOParameters=PinState,GPIO_Label
PD1.GPIO_Label=RS485_DIR
PD1.Locked=true
PD1.PinState=GPIO_PIN_SET
PD1.Signal=GPIO_Output
PD10.GPIOParameters=GPIO_Label
PD10.GPIO_Label=ATT7022_IRQ
PD10.Locked=true
PD10.Signal=GPIO_Input
PD2.Mode=Asynchronous
PD2.Signal=UART5_RX
PD8.GPIOParameters=PinState,GPIO_Label
PD8.GPIO_Label=ATT7022_CS
PD8.Locked=true
PD8.PinState=GPIO_PIN_SET
PD8.Signal=GPIO_Output
PD9.GPIOParameters=PinState,GPIO_Label
PD9.GPIO_Label=ATT7022_RESET
PD9.Locked=true
PD9.PinState=GPIO_PIN_SET
PD9.Signal=GPIO_Output
PE0.GPIOParameters=PinState,GPIO_Label
PE0.GPIO_Label=DOUT2
PE0.Locked=true
PE0.PinState=GPIO_PIN_SET
PE0.Signal=GPIO_Output
PE1.GPIOParameters=GPIO_Speed,PinState,GPIO_Label
PE1.GPIO_Label=DOUT1
PE1.GPIO_Speed=GPIO_SPEED_FREQ_LOW
PE1.Locked=true
PE1.PinState=GPIO_PIN_SET
PE1.Signal=GPIO_Output
PE10.GPIOParameters=GPIO_Label
PE10.GPIO_Label=KEY4
PE10.Locked=true
PE10.Signal=GPIO_Input
PE11.GPIOParameters=GPIO_Label
PE11.GPIO_Label=KEY5
PE11.Locked=true
PE11.Signal=GPIO_Input
PE12.GPIOParameters=PinState,GPIO_Label
PE12.GPIO_Label=LCD_CS
PE12.Locked=true
PE12.PinState=GPIO_PIN_SET
PE12.Signal=GPIO_Output
PE13.GPIOParameters=PinState,GPIO_Label
PE13.GPIO_Label=LCD_RST
PE13.Locked=true
PE13.PinState=GPIO_PIN_SET
PE13.Signal=GPIO_Output
PE14.GPIOParameters=PinState,GPIO_Label
PE14.GPIO_Label=LCD_A0
PE14.Locked=true
PE14.PinState=GPIO_PIN_SET
PE14.Signal=GPIO_Output
PE15.GPIOParameters=PinState,GPIO_Label
PE15.GPIO_Label=LCD_BKL
PE15.Locked=true
PE15.PinState=GPIO_PIN_SET
PE15.Signal=GPIO_Output
PE7.GPIOParameters=GPIO_Label
PE7.GPIO_Label=KEY1
PE7.Locked=true
PE7.Signal=GPIO_Input
PE8.GPIOParameters=GPIO_Label
PE8.GPIO_Label=KEY2
PE8.Locked=true
PE8.Signal=GPIO_Input
PE9.GPIOParameters=GPIO_Label
PE9.GPIO_Label=KEY3
PE9.Locked=true
PE9.Signal=GPIO_Input
PF11.GPIOParameters=GPIO_Label
PF11.GPIO_Label=QIE_MOTOR
PF11.Locked=true
PF11.Signal=GPIO_Input
PF13.GPIOParameters=PinState,GPIO_Label
PF13.GPIO_Label=LED2
PF13.Locked=true
PF13.PinState=GPIO_PIN_SET
PF13.Signal=GPIO_Output
PF14.GPIOParameters=PinState,GPIO_Label
PF14.GPIO_Label=LED3
PF14.Locked=true
PF14.PinState=GPIO_PIN_SET
PF14.Signal=GPIO_Output
PF15.GPIOParameters=PinState,GPIO_Label
PF15.GPIO_Label=LED4
PF15.Locked=true
PF15.PinState=GPIO_PIN_SET
PF15.Signal=GPIO_Output
PG0.GPIOParameters=PinState,GPIO_Label
PG0.GPIO_Label=LED5
PG0.Locked=true
PG0.PinState=GPIO_PIN_SET
PG0.Signal=GPIO_Output
PG1.GPIOParameters=PinState,GPIO_Label
PG1.GPIO_Label=LED6
PG1.Locked=true
PG1.PinState=GPIO_PIN_SET
PG1.Signal=GPIO_Output
PG11.GPIOParameters=GPIO_Label
PG11.GPIO_Label=QIE_MOTOR_CTL
PG11.Locked=true
PG11.Signal=GPIO_Output
PG12.GPIOParameters=PinState,GPIO_Label
PG12.GPIO_Label=DOUT13
PG12.Locked=true
PG12.PinState=GPIO_PIN_SET
PG12.Signal=GPIO_Output
PG13.GPIOParameters=PinState,GPIO_Label
PG13.GPIO_Label=DOUT12
PG13.Locked=true
PG13.PinState=GPIO_PIN_SET
PG13.Signal=GPIO_Output
PG14.GPIOParameters=PinState,GPIO_Label
PG14.GPIO_Label=DOUT11
PG14.Locked=true
PG14.PinState=GPIO_PIN_SET
PG14.Signal=GPIO_Output
PG15.GPIOParameters=PinState,GPIO_Label
PG15.GPIO_Label=DOUT10
PG15.Locked=true
PG15.PinState=GPIO_PIN_SET
PG15.Signal=GPIO_Output
PinOutPanel.RotationAngle=0
ProjectManager.AskForMigrate=false
ProjectManager.BackupPrevious=false
ProjectManager.CompilerOptimize=6
ProjectManager.ComputerToolchain=false
ProjectManager.CoupleFile=true
ProjectManager.CustomerFirmwarePackage=
ProjectManager.DefaultFWLocation=true
ProjectManager.DeletePrevious=true
ProjectManager.DeviceId=STM32F103ZETx
ProjectManager.FirmwarePackage=STM32Cube FW_F1 V1.8.0
ProjectManager.FreePins=false
ProjectManager.HalAssertFull=false
ProjectManager.HeapSize=0x200
ProjectManager.KeepUserCode=true
ProjectManager.LastFirmware=true
ProjectManager.LibraryCopy=0
ProjectManager.MainLocation=Src
ProjectManager.NoMain=false
ProjectManager.PreviousToolchain=
ProjectManager.ProjectBuild=false
ProjectManager.ProjectFileName=yzty.ioc
ProjectManager.ProjectName=yzty
ProjectManager.StackSize=0x400
ProjectManager.TargetToolchain=MDK-ARM V5
ProjectManager.ToolChainLocation=
ProjectManager.UnderRoot=false
ProjectManager.functionlistsort=1-MX_GPIO_Init-GPIO-false-HAL-true,2-SystemClock_Config-RCC-false-HAL-false,3-MX_SPI2_Init-SPI2-false-HAL-true,4-MX_UART4_Init-UART4-false-HAL-true,5-MX_UART5_Init-UART5-false-HAL-true,6-MX_USART1_UART_Init-USART1-false-HAL-true
RCC.ADCFreqValue=36000000
RCC.AHBFreq_Value=72000000
RCC.APB1CLKDivider=RCC_HCLK_DIV2
RCC.APB1Freq_Value=36000000
RCC.APB1TimFreq_Value=72000000
RCC.APB2Freq_Value=72000000
RCC.APB2TimFreq_Value=72000000
RCC.FCLKCortexFreq_Value=72000000
RCC.FSMCFreq_Value=72000000
RCC.FamilyName=M
RCC.HCLKFreq_Value=72000000
RCC.I2S2Freq_Value=72000000
RCC.I2S3Freq_Value=72000000
RCC.IPParameters=ADCFreqValue,AHBFreq_Value,APB1CLKDivider,APB1Freq_Value,APB1TimFreq_Value,APB2Freq_Value,APB2TimFreq_Value,FCLKCortexFreq_Value,FSMCFreq_Value,FamilyName,HCLKFreq_Value,I2S2Freq_Value,I2S3Freq_Value,MCOFreq_Value,PLLCLKFreq_Value,PLLMCOFreq_Value,PLLMUL,PLLSourceVirtual,SDIOFreq_Value,SDIOHCLKDiv2FreqValue,SYSCLKFreq_VALUE,SYSCLKSource,TimSysFreq_Value,USBFreq_Value,VCOOutput2Freq_Value
RCC.MCOFreq_Value=72000000
RCC.PLLCLKFreq_Value=72000000
RCC.PLLMCOFreq_Value=36000000
RCC.PLLMUL=RCC_PLL_MUL9
RCC.PLLSourceVirtual=RCC_PLLSOURCE_HSE
RCC.SDIOFreq_Value=72000000
RCC.SDIOHCLKDiv2FreqValue=36000000
RCC.SYSCLKFreq_VALUE=72000000
RCC.SYSCLKSource=RCC_SYSCLKSOURCE_PLLCLK
RCC.TimSysFreq_Value=72000000
RCC.USBFreq_Value=72000000
RCC.VCOOutput2Freq_Value=8000000
SPI2.BaudRatePrescaler=SPI_BAUDRATEPRESCALER_8
SPI2.CLKPhase=SPI_PHASE_2EDGE
SPI2.CalculateBaudRate=4.5 MBits/s
SPI2.Direction=SPI_DIRECTION_2LINES
SPI2.IPParameters=VirtualType,Mode,Direction,CalculateBaudRate,BaudRatePrescaler,CLKPhase
SPI2.Mode=SPI_MODE_MASTER
SPI2.VirtualType=VM_MASTER
UART4.BaudRate=9600
UART4.IPParameters=VirtualMode,BaudRate
UART4.VirtualMode=Asynchronous
UART5.BaudRate=9600
UART5.IPParameters=VirtualMode,BaudRate
UART5.VirtualMode=Asynchronous
USART1.IPParameters=VirtualMode
USART1.VirtualMode=VM_ASYNC
VP_IWDG_VS_IWDG.Mode=IWDG_Activate
VP_IWDG_VS_IWDG.Signal=IWDG_VS_IWDG
VP_SYS_VS_Systick.Mode=SysTick
VP_SYS_VS_Systick.Signal=SYS_VS_Systick
board=custom
